
Microsoft Visual Studio Solution File, Format Version 12.00
# Visual Studio 15
VisualStudioVersion = 15.0.28010.2041
MinimumVisualStudioVersion = 10.0.40219.1
Project("{FAE04EC0-301F-11D3-BF4B-00C04F79EFBC}") = "AprioriPreprocesare", "AprioriPreprocesare\AprioriPreprocesare.csproj", "{89ACD3CF-3827-422B-991C-EC9F61A7B071}"
EndProject
Global
	GlobalSection(SolutionConfigurationPlatforms) = preSolution
		Debug|Any CPU = Debug|Any CPU
		Release|Any CPU = Release|Any CPU
	EndGlobalSection
	GlobalSection(ProjectConfigurationPlatforms) = postSolution
		{89ACD3CF-3827-422B-991C-EC9F61A7B071}.Debug|Any CPU.ActiveCfg = Debug|Any CPU
		{89ACD3CF-3827-422B-991C-EC9F61A7B071}.Debug|Any CPU.Build.0 = Debug|Any CPU
		{89ACD3CF-3827-422B-991C-EC9F61A7B071}.Release|Any CPU.ActiveCfg = Release|Any CPU
		{89ACD3CF-3827-422B-991C-EC9F61A7B071}.Release|Any CPU.Build.0 = Release|Any CPU
	EndGlobalSection
	GlobalSection(SolutionProperties) = preSolution
		HideSolutionNode = FALSE
	EndGlobalSection
	GlobalSection(ExtensibilityGlobals) = postSolution
		SolutionGuid = {AEF11ADE-0486-4274-AA58-2043A48F7953}
	EndGlobalSection
EndGlobal
